
Microsoft Visual Studio Solution File, Format Version 12.00
# Visual Studio 14
VisualStudioVersion = 14.0.24720.0
MinimumVisualStudioVersion = 10.0.40219.1
Project("{FAE04EC0-301F-11D3-BF4B-00C04F79EFBC}") = "Donky.Automation", "src\Donky.Automation\Automation\Donky.Automation.csproj", "{45C82F98-4D0F-410A-81E2-14DAB7CB7A21}"
EndProject
Project("{FAE04EC0-301F-11D3-BF4B-00C04F79EFBC}") = "Donky.Core", "src\Donky.Core\Core\Donky.Core.csproj", "{224C3184-5BE6-4CE3-B437-DFCD6B01F217}"
EndProject
Project("{FAE04EC0-301F-11D3-BF4B-00C04F79EFBC}") = "Donky.Core.Analytics", "src\Donky.Core\Core.Analytics\Donky.Core.Analytics.csproj", "{07913557-E20B-4BD8-9790-157757B2A5BB}"
EndProject
Project("{FAE04EC0-301F-11D3-BF4B-00C04F79EFBC}") = "Donky.Core.Xamarin.Android", "src\Donky.Core.Xamarin\Core.Xamarin.Android\Donky.Core.Xamarin.Android.csproj", "{8247EA89-8A36-4519-AE96-F01C0D518CC1}"
EndProject
Project("{FAE04EC0-301F-11D3-BF4B-00C04F79EFBC}") = "Donky.Core.Xamarin.Forms", "src\Donky.Core.Xamarin\Core.Xamarin.Forms\Donky.Core.Xamarin.Forms.csproj", "{67F9D3A8-F71E-4428-913F-C37AE82CDB24}"
EndProject
Project("{FAE04EC0-301F-11D3-BF4B-00C04F79EFBC}") = "Donky.Core.Xamarin.iOS", "src\Donky.Core.Xamarin\Core.Xamarin.iOS\Donky.Core.Xamarin.iOS.csproj", "{D44B6F6B-E72B-4FCC-9806-677FA3A0C115}"
EndProject
Project("{FAE04EC0-301F-11D3-BF4B-00C04F79EFBC}") = "Donky.Messaging.Common", "src\Donky.Messaging\Common\Donky.Messaging.Common.csproj", "{7E5F8327-6D08-422C-99DE-459B4CD22B4E}"
EndProject
Project("{FAE04EC0-301F-11D3-BF4B-00C04F79EFBC}") = "Donky.Messaging.Push.Logic", "src\Donky.Messaging\Push.Logic\Donky.Messaging.Push.Logic.csproj", "{D811621C-0479-4C65-87B3-294CB5640591}"
EndProject
Project("{FAE04EC0-301F-11D3-BF4B-00C04F79EFBC}") = "Donky.Messaging.Push.UI.Android", "src\Donky.Messaging\Push.UI.Android\Donky.Messaging.Push.UI.Android.csproj", "{026C97EE-4637-4301-9F87-4F085E98674E}"
EndProject
Project("{FAE04EC0-301F-11D3-BF4B-00C04F79EFBC}") = "Donky.Messaging.Push.UI.iOS", "src\Donky.Messaging\Push.UI.iOS\Donky.Messaging.Push.UI.iOS.csproj", "{328A82BE-8B67-4BCA-974A-2B34FDBAA998}"
EndProject
Project("{FAE04EC0-301F-11D3-BF4B-00C04F79EFBC}") = "Donky.Messaging.Push.UI.XamarinForms", "src\Donky.Messaging\Push.UI.XamarinForms\Donky.Messaging.Push.UI.XamarinForms.csproj", "{24A38C38-4A3B-4E0F-AD00-05740ED1E504}"
EndProject
Project("{FAE04EC0-301F-11D3-BF4B-00C04F79EFBC}") = "Donky.Messaging.Rich.Inbox.XamarinForms", "src\Donky.Messaging\Rich.Inbox.XamarinForms\Donky.Messaging.Rich.Inbox.XamarinForms.csproj", "{B023BAFB-1706-4A69-A1CF-85344914B625}"
EndProject
Project("{FAE04EC0-301F-11D3-BF4B-00C04F79EFBC}") = "Donky.Messaging.Rich.Logic", "src\Donky.Messaging\Rich.Logic\Donky.Messaging.Rich.Logic.csproj", "{9E2E273E-752D-4DBC-9813-A4E8FEBF8F35}"
EndProject
Project("{2150E333-8FDC-42A3-9474-1A3956D46DE8}") = ".nuget", ".nuget", "{2C8293BD-4048-4484-A0F5-DB9E098C742D}"
	ProjectSection(SolutionItems) = preProject
		.nuget\NuGet.Config = .nuget\NuGet.Config
		.nuget\NuGet.exe = .nuget\NuGet.exe
		.nuget\NuGet.targets = .nuget\NuGet.targets
	EndProjectSection
EndProject
Project("{2150E333-8FDC-42A3-9474-1A3956D46DE8}") = "Quickstart App", "Quickstart App", "{EEA43414-1420-4A12-81F4-6E1961CE3BDA}"
EndProject
Project("{2150E333-8FDC-42A3-9474-1A3956D46DE8}") = "Libraries", "Libraries", "{3395FE3D-1C7F-4ABD-8ED6-4818D2844ED3}"
EndProject
Project("{FAE04EC0-301F-11D3-BF4B-00C04F79EFBC}") = "QuickstartApp", "src\QuickstartApp\QuickstartApp\QuickstartApp.csproj", "{F15E0F21-E711-4663-8AFA-CDD2F4F1430A}"
EndProject
Project("{FAE04EC0-301F-11D3-BF4B-00C04F79EFBC}") = "QuickstartApp.Droid", "src\QuickstartApp\QuickstartApp.Droid\QuickstartApp.Droid.csproj", "{FF8695D3-639B-482E-B989-376F44255CDA}"
EndProject
Project("{FAE04EC0-301F-11D3-BF4B-00C04F79EFBC}") = "QuickstartApp.iOS", "src\QuickstartApp\QuickstartApp.iOS\QuickstartApp.iOS.csproj", "{88B1D8C0-3D3E-4E87-BBFF-7765C19CF73F}"
EndProject
Global
	GlobalSection(SolutionConfigurationPlatforms) = preSolution
		Ad-Hoc|Any CPU = Ad-Hoc|Any CPU
		Ad-Hoc|ARM = Ad-Hoc|ARM
		Ad-Hoc|iPhone = Ad-Hoc|iPhone
		Ad-Hoc|iPhoneSimulator = Ad-Hoc|iPhoneSimulator
		Ad-Hoc|Mixed Platforms = Ad-Hoc|Mixed Platforms
		Ad-Hoc|x86 = Ad-Hoc|x86
		AppStore|Any CPU = AppStore|Any CPU
		AppStore|ARM = AppStore|ARM
		AppStore|iPhone = AppStore|iPhone
		AppStore|iPhoneSimulator = AppStore|iPhoneSimulator
		AppStore|Mixed Platforms = AppStore|Mixed Platforms
		AppStore|x86 = AppStore|x86
		Debug|Any CPU = Debug|Any CPU
		Debug|ARM = Debug|ARM
		Debug|iPhone = Debug|iPhone
		Debug|iPhoneSimulator = Debug|iPhoneSimulator
		Debug|Mixed Platforms = Debug|Mixed Platforms
		Debug|x86 = Debug|x86
		Release|Any CPU = Release|Any CPU
		Release|ARM = Release|ARM
		Release|iPhone = Release|iPhone
		Release|iPhoneSimulator = Release|iPhoneSimulator
		Release|Mixed Platforms = Release|Mixed Platforms
		Release|x86 = Release|x86
	EndGlobalSection
	GlobalSection(ProjectConfigurationPlatforms) = postSolution
		{45C82F98-4D0F-410A-81E2-14DAB7CB7A21}.Ad-Hoc|Any CPU.ActiveCfg = Release|Any CPU
		{45C82F98-4D0F-410A-81E2-14DAB7CB7A21}.Ad-Hoc|Any CPU.Build.0 = Release|Any CPU
		{45C82F98-4D0F-410A-81E2-14DAB7CB7A21}.Ad-Hoc|ARM.ActiveCfg = Release|Any CPU
		{45C82F98-4D0F-410A-81E2-14DAB7CB7A21}.Ad-Hoc|iPhone.ActiveCfg = Release|Any CPU
		{45C82F98-4D0F-410A-81E2-14DAB7CB7A21}.Ad-Hoc|iPhoneSimulator.ActiveCfg = Release|Any CPU
		{45C82F98-4D0F-410A-81E2-14DAB7CB7A21}.Ad-Hoc|Mixed Platforms.ActiveCfg = Release|Any CPU
		{45C82F98-4D0F-410A-81E2-14DAB7CB7A21}.Ad-Hoc|Mixed Platforms.Build.0 = Release|Any CPU
		{45C82F98-4D0F-410A-81E2-14DAB7CB7A21}.Ad-Hoc|x86.ActiveCfg = Release|Any CPU
		{45C82F98-4D0F-410A-81E2-14DAB7CB7A21}.AppStore|Any CPU.ActiveCfg = Release|Any CPU
		{45C82F98-4D0F-410A-81E2-14DAB7CB7A21}.AppStore|Any CPU.Build.0 = Release|Any CPU
		{45C82F98-4D0F-410A-81E2-14DAB7CB7A21}.AppStore|ARM.ActiveCfg = Release|Any CPU
		{45C82F98-4D0F-410A-81E2-14DAB7CB7A21}.AppStore|iPhone.ActiveCfg = Release|Any CPU
		{45C82F98-4D0F-410A-81E2-14DAB7CB7A21}.AppStore|iPhoneSimulator.ActiveCfg = Release|Any CPU
		{45C82F98-4D0F-410A-81E2-14DAB7CB7A21}.AppStore|Mixed Platforms.ActiveCfg = Release|Any CPU
		{45C82F98-4D0F-410A-81E2-14DAB7CB7A21}.AppStore|Mixed Platforms.Build.0 = Release|Any CPU
		{45C82F98-4D0F-410A-81E2-14DAB7CB7A21}.AppStore|x86.ActiveCfg = Release|Any CPU
		{45C82F98-4D0F-410A-81E2-14DAB7CB7A21}.Debug|Any CPU.ActiveCfg = Debug|Any CPU
		{45C82F98-4D0F-410A-81E2-14DAB7CB7A21}.Debug|Any CPU.Build.0 = Debug|Any CPU
		{45C82F98-4D0F-410A-81E2-14DAB7CB7A21}.Debug|ARM.ActiveCfg = Debug|Any CPU
		{45C82F98-4D0F-410A-81E2-14DAB7CB7A21}.Debug|iPhone.ActiveCfg = Debug|Any CPU
		{45C82F98-4D0F-410A-81E2-14DAB7CB7A21}.Debug|iPhone.Build.0 = Debug|Any CPU
		{45C82F98-4D0F-410A-81E2-14DAB7CB7A21}.Debug|iPhoneSimulator.ActiveCfg = Debug|Any CPU
		{45C82F98-4D0F-410A-81E2-14DAB7CB7A21}.Debug|Mixed Platforms.ActiveCfg = Debug|Any CPU
		{45C82F98-4D0F-410A-81E2-14DAB7CB7A21}.Debug|Mixed Platforms.Build.0 = Debug|Any CPU
		{45C82F98-4D0F-410A-81E2-14DAB7CB7A21}.Debug|x86.ActiveCfg = Debug|Any CPU
		{45C82F98-4D0F-410A-81E2-14DAB7CB7A21}.Release|Any CPU.ActiveCfg = Release|Any CPU
		{45C82F98-4D0F-410A-81E2-14DAB7CB7A21}.Release|Any CPU.Build.0 = Release|Any CPU
		{45C82F98-4D0F-410A-81E2-14DAB7CB7A21}.Release|ARM.ActiveCfg = Release|Any CPU
		{45C82F98-4D0F-410A-81E2-14DAB7CB7A21}.Release|iPhone.ActiveCfg = Release|Any CPU
		{45C82F98-4D0F-410A-81E2-14DAB7CB7A21}.Release|iPhone.Build.0 = Release|Any CPU
		{45C82F98-4D0F-410A-81E2-14DAB7CB7A21}.Release|iPhoneSimulator.ActiveCfg = Release|Any CPU
		{45C82F98-4D0F-410A-81E2-14DAB7CB7A21}.Release|Mixed Platforms.ActiveCfg = Release|Any CPU
		{45C82F98-4D0F-410A-81E2-14DAB7CB7A21}.Release|Mixed Platforms.Build.0 = Release|Any CPU
		{45C82F98-4D0F-410A-81E2-14DAB7CB7A21}.Release|x86.ActiveCfg = Release|Any CPU
		{224C3184-5BE6-4CE3-B437-DFCD6B01F217}.Ad-Hoc|Any CPU.ActiveCfg = Release|Any CPU
		{224C3184-5BE6-4CE3-B437-DFCD6B01F217}.Ad-Hoc|Any CPU.Build.0 = Release|Any CPU
		{224C3184-5BE6-4CE3-B437-DFCD6B01F217}.Ad-Hoc|ARM.ActiveCfg = Release|Any CPU
		{224C3184-5BE6-4CE3-B437-DFCD6B01F217}.Ad-Hoc|iPhone.ActiveCfg = Release|Any CPU
		{224C3184-5BE6-4CE3-B437-DFCD6B01F217}.Ad-Hoc|iPhoneSimulator.ActiveCfg = Release|Any CPU
		{224C3184-5BE6-4CE3-B437-DFCD6B01F217}.Ad-Hoc|Mixed Platforms.ActiveCfg = Release|Any CPU
		{224C3184-5BE6-4CE3-B437-DFCD6B01F217}.Ad-Hoc|Mixed Platforms.Build.0 = Release|Any CPU
		{224C3184-5BE6-4CE3-B437-DFCD6B01F217}.Ad-Hoc|x86.ActiveCfg = Release|Any CPU
		{224C3184-5BE6-4CE3-B437-DFCD6B01F217}.AppStore|Any CPU.ActiveCfg = Release|Any CPU
		{224C3184-5BE6-4CE3-B437-DFCD6B01F217}.AppStore|Any CPU.Build.0 = Release|Any CPU
		{224C3184-5BE6-4CE3-B437-DFCD6B01F217}.AppStore|ARM.ActiveCfg = Release|Any CPU
		{224C3184-5BE6-4CE3-B437-DFCD6B01F217}.AppStore|iPhone.ActiveCfg = Release|Any CPU
		{224C3184-5BE6-4CE3-B437-DFCD6B01F217}.AppStore|iPhoneSimulator.ActiveCfg = Release|Any CPU
		{224C3184-5BE6-4CE3-B437-DFCD6B01F217}.AppStore|Mixed Platforms.ActiveCfg = Release|Any CPU
		{224C3184-5BE6-4CE3-B437-DFCD6B01F217}.AppStore|Mixed Platforms.Build.0 = Release|Any CPU
		{224C3184-5BE6-4CE3-B437-DFCD6B01F217}.AppStore|x86.ActiveCfg = Release|Any CPU
		{224C3184-5BE6-4CE3-B437-DFCD6B01F217}.Debug|Any CPU.ActiveCfg = Debug|Any CPU
		{224C3184-5BE6-4CE3-B437-DFCD6B01F217}.Debug|Any CPU.Build.0 = Debug|Any CPU
		{224C3184-5BE6-4CE3-B437-DFCD6B01F217}.Debug|ARM.ActiveCfg = Debug|Any CPU
		{224C3184-5BE6-4CE3-B437-DFCD6B01F217}.Debug|iPhone.ActiveCfg = Debug|Any CPU
		{224C3184-5BE6-4CE3-B437-DFCD6B01F217}.Debug|iPhone.Build.0 = Debug|Any CPU
		{224C3184-5BE6-4CE3-B437-DFCD6B01F217}.Debug|iPhoneSimulator.ActiveCfg = Debug|Any CPU
		{224C3184-5BE6-4CE3-B437-DFCD6B01F217}.Debug|Mixed Platforms.ActiveCfg = Debug|Any CPU
		{224C3184-5BE6-4CE3-B437-DFCD6B01F217}.Debug|Mixed Platforms.Build.0 = Debug|Any CPU
		{224C3184-5BE6-4CE3-B437-DFCD6B01F217}.Debug|x86.ActiveCfg = Debug|Any CPU
		{224C3184-5BE6-4CE3-B437-DFCD6B01F217}.Release|Any CPU.ActiveCfg = Release|Any CPU
		{224C3184-5BE6-4CE3-B437-DFCD6B01F217}.Release|Any CPU.Build.0 = Release|Any CPU
		{224C3184-5BE6-4CE3-B437-DFCD6B01F217}.Release|ARM.ActiveCfg = Release|Any CPU
		{224C3184-5BE6-4CE3-B437-DFCD6B01F217}.Release|iPhone.ActiveCfg = Release|Any CPU
		{224C3184-5BE6-4CE3-B437-DFCD6B01F217}.Release|iPhone.Build.0 = Release|Any CPU
		{224C3184-5BE6-4CE3-B437-DFCD6B01F217}.Release|iPhoneSimulator.ActiveCfg = Release|Any CPU
		{224C3184-5BE6-4CE3-B437-DFCD6B01F217}.Release|Mixed Platforms.ActiveCfg = Release|Any CPU
		{224C3184-5BE6-4CE3-B437-DFCD6B01F217}.Release|Mixed Platforms.Build.0 = Release|Any CPU
		{224C3184-5BE6-4CE3-B437-DFCD6B01F217}.Release|x86.ActiveCfg = Release|Any CPU
		{07913557-E20B-4BD8-9790-157757B2A5BB}.Ad-Hoc|Any CPU.ActiveCfg = Release|Any CPU
		{07913557-E20B-4BD8-9790-157757B2A5BB}.Ad-Hoc|Any CPU.Build.0 = Release|Any CPU
		{07913557-E20B-4BD8-9790-157757B2A5BB}.Ad-Hoc|ARM.ActiveCfg = Release|Any CPU
		{07913557-E20B-4BD8-9790-157757B2A5BB}.Ad-Hoc|iPhone.ActiveCfg = Release|Any CPU
		{07913557-E20B-4BD8-9790-157757B2A5BB}.Ad-Hoc|iPhoneSimulator.ActiveCfg = Release|Any CPU
		{07913557-E20B-4BD8-9790-157757B2A5BB}.Ad-Hoc|Mixed Platforms.ActiveCfg = Release|Any CPU
		{07913557-E20B-4BD8-9790-157757B2A5BB}.Ad-Hoc|Mixed Platforms.Build.0 = Release|Any CPU
		{07913557-E20B-4BD8-9790-157757B2A5BB}.Ad-Hoc|x86.ActiveCfg = Release|Any CPU
		{07913557-E20B-4BD8-9790-157757B2A5BB}.AppStore|Any CPU.ActiveCfg = Release|Any CPU
		{07913557-E20B-4BD8-9790-157757B2A5BB}.AppStore|Any CPU.Build.0 = Release|Any CPU
		{07913557-E20B-4BD8-9790-157757B2A5BB}.AppStore|ARM.ActiveCfg = Release|Any CPU
		{07913557-E20B-4BD8-9790-157757B2A5BB}.AppStore|iPhone.ActiveCfg = Release|Any CPU
		{07913557-E20B-4BD8-9790-157757B2A5BB}.AppStore|iPhoneSimulator.ActiveCfg = Release|Any CPU
		{07913557-E20B-4BD8-9790-157757B2A5BB}.AppStore|Mixed Platforms.ActiveCfg = Release|Any CPU
		{07913557-E20B-4BD8-9790-157757B2A5BB}.AppStore|Mixed Platforms.Build.0 = Release|Any CPU
		{07913557-E20B-4BD8-9790-157757B2A5BB}.AppStore|x86.ActiveCfg = Release|Any CPU
		{07913557-E20B-4BD8-9790-157757B2A5BB}.Debug|Any CPU.ActiveCfg = Debug|Any CPU
		{07913557-E20B-4BD8-9790-157757B2A5BB}.Debug|Any CPU.Build.0 = Debug|Any CPU
		{07913557-E20B-4BD8-9790-157757B2A5BB}.Debug|ARM.ActiveCfg = Debug|Any CPU
		{07913557-E20B-4BD8-9790-157757B2A5BB}.Debug|iPhone.ActiveCfg = Debug|Any CPU
		{07913557-E20B-4BD8-9790-157757B2A5BB}.Debug|iPhone.Build.0 = Debug|Any CPU
		{07913557-E20B-4BD8-9790-157757B2A5BB}.Debug|iPhoneSimulator.ActiveCfg = Debug|Any CPU
		{07913557-E20B-4BD8-9790-157757B2A5BB}.Debug|Mixed Platforms.ActiveCfg = Debug|Any CPU
		{07913557-E20B-4BD8-9790-157757B2A5BB}.Debug|Mixed Platforms.Build.0 = Debug|Any CPU
		{07913557-E20B-4BD8-9790-157757B2A5BB}.Debug|x86.ActiveCfg = Debug|Any CPU
		{07913557-E20B-4BD8-9790-157757B2A5BB}.Release|Any CPU.ActiveCfg = Release|Any CPU
		{07913557-E20B-4BD8-9790-157757B2A5BB}.Release|Any CPU.Build.0 = Release|Any CPU
		{07913557-E20B-4BD8-9790-157757B2A5BB}.Release|ARM.ActiveCfg = Release|Any CPU
		{07913557-E20B-4BD8-9790-157757B2A5BB}.Release|iPhone.ActiveCfg = Release|Any CPU
		{07913557-E20B-4BD8-9790-157757B2A5BB}.Release|iPhone.Build.0 = Release|Any CPU
		{07913557-E20B-4BD8-9790-157757B2A5BB}.Release|iPhoneSimulator.ActiveCfg = Release|Any CPU
		{07913557-E20B-4BD8-9790-157757B2A5BB}.Release|Mixed Platforms.ActiveCfg = Release|Any CPU
		{07913557-E20B-4BD8-9790-157757B2A5BB}.Release|Mixed Platforms.Build.0 = Release|Any CPU
		{07913557-E20B-4BD8-9790-157757B2A5BB}.Release|x86.ActiveCfg = Release|Any CPU
		{8247EA89-8A36-4519-AE96-F01C0D518CC1}.Ad-Hoc|Any CPU.ActiveCfg = Release|Any CPU
		{8247EA89-8A36-4519-AE96-F01C0D518CC1}.Ad-Hoc|Any CPU.Build.0 = Release|Any CPU
		{8247EA89-8A36-4519-AE96-F01C0D518CC1}.Ad-Hoc|ARM.ActiveCfg = Release|Any CPU
		{8247EA89-8A36-4519-AE96-F01C0D518CC1}.Ad-Hoc|iPhone.ActiveCfg = Release|Any CPU
		{8247EA89-8A36-4519-AE96-F01C0D518CC1}.Ad-Hoc|iPhoneSimulator.ActiveCfg = Release|Any CPU
		{8247EA89-8A36-4519-AE96-F01C0D518CC1}.Ad-Hoc|Mixed Platforms.ActiveCfg = Release|Any CPU
		{8247EA89-8A36-4519-AE96-F01C0D518CC1}.Ad-Hoc|Mixed Platforms.Build.0 = Release|Any CPU
		{8247EA89-8A36-4519-AE96-F01C0D518CC1}.Ad-Hoc|x86.ActiveCfg = Release|Any CPU
		{8247EA89-8A36-4519-AE96-F01C0D518CC1}.AppStore|Any CPU.ActiveCfg = Release|Any CPU
		{8247EA89-8A36-4519-AE96-F01C0D518CC1}.AppStore|Any CPU.Build.0 = Release|Any CPU
		{8247EA89-8A36-4519-AE96-F01C0D518CC1}.AppStore|ARM.ActiveCfg = Release|Any CPU
		{8247EA89-8A36-4519-AE96-F01C0D518CC1}.AppStore|iPhone.ActiveCfg = Release|Any CPU
		{8247EA89-8A36-4519-AE96-F01C0D518CC1}.AppStore|iPhoneSimulator.ActiveCfg = Release|Any CPU
		{8247EA89-8A36-4519-AE96-F01C0D518CC1}.AppStore|Mixed Platforms.ActiveCfg = Release|Any CPU
		{8247EA89-8A36-4519-AE96-F01C0D518CC1}.AppStore|Mixed Platforms.Build.0 = Release|Any CPU
		{8247EA89-8A36-4519-AE96-F01C0D518CC1}.AppStore|x86.ActiveCfg = Release|Any CPU
		{8247EA89-8A36-4519-AE96-F01C0D518CC1}.Debug|Any CPU.ActiveCfg = Debug|Any CPU
		{8247EA89-8A36-4519-AE96-F01C0D518CC1}.Debug|Any CPU.Build.0 = Debug|Any CPU
		{8247EA89-8A36-4519-AE96-F01C0D518CC1}.Debug|ARM.ActiveCfg = Debug|Any CPU
		{8247EA89-8A36-4519-AE96-F01C0D518CC1}.Debug|iPhone.ActiveCfg = Debug|Any CPU
		{8247EA89-8A36-4519-AE96-F01C0D518CC1}.Debug|iPhoneSimulator.ActiveCfg = Debug|Any CPU
		{8247EA89-8A36-4519-AE96-F01C0D518CC1}.Debug|Mixed Platforms.ActiveCfg = Debug|Any CPU
		{8247EA89-8A36-4519-AE96-F01C0D518CC1}.Debug|Mixed Platforms.Build.0 = Debug|Any CPU
		{8247EA89-8A36-4519-AE96-F01C0D518CC1}.Debug|x86.ActiveCfg = Debug|Any CPU
		{8247EA89-8A36-4519-AE96-F01C0D518CC1}.Release|Any CPU.ActiveCfg = Release|Any CPU
		{8247EA89-8A36-4519-AE96-F01C0D518CC1}.Release|Any CPU.Build.0 = Release|Any CPU
		{8247EA89-8A36-4519-AE96-F01C0D518CC1}.Release|ARM.ActiveCfg = Release|Any CPU
		{8247EA89-8A36-4519-AE96-F01C0D518CC1}.Release|iPhone.ActiveCfg = Release|Any CPU
		{8247EA89-8A36-4519-AE96-F01C0D518CC1}.Release|iPhoneSimulator.ActiveCfg = Release|Any CPU
		{8247EA89-8A36-4519-AE96-F01C0D518CC1}.Release|Mixed Platforms.ActiveCfg = Release|Any CPU
		{8247EA89-8A36-4519-AE96-F01C0D518CC1}.Release|Mixed Platforms.Build.0 = Release|Any CPU
		{8247EA89-8A36-4519-AE96-F01C0D518CC1}.Release|x86.ActiveCfg = Release|Any CPU
		{67F9D3A8-F71E-4428-913F-C37AE82CDB24}.Ad-Hoc|Any CPU.ActiveCfg = Release|Any CPU
		{67F9D3A8-F71E-4428-913F-C37AE82CDB24}.Ad-Hoc|Any CPU.Build.0 = Release|Any CPU
		{67F9D3A8-F71E-4428-913F-C37AE82CDB24}.Ad-Hoc|ARM.ActiveCfg = Release|Any CPU
		{67F9D3A8-F71E-4428-913F-C37AE82CDB24}.Ad-Hoc|iPhone.ActiveCfg = Release|Any CPU
		{67F9D3A8-F71E-4428-913F-C37AE82CDB24}.Ad-Hoc|iPhoneSimulator.ActiveCfg = Release|Any CPU
		{67F9D3A8-F71E-4428-913F-C37AE82CDB24}.Ad-Hoc|Mixed Platforms.ActiveCfg = Release|Any CPU
		{67F9D3A8-F71E-4428-913F-C37AE82CDB24}.Ad-Hoc|Mixed Platforms.Build.0 = Release|Any CPU
		{67F9D3A8-F71E-4428-913F-C37AE82CDB24}.Ad-Hoc|x86.ActiveCfg = Release|Any CPU
		{67F9D3A8-F71E-4428-913F-C37AE82CDB24}.AppStore|Any CPU.ActiveCfg = Release|Any CPU
		{67F9D3A8-F71E-4428-913F-C37AE82CDB24}.AppStore|Any CPU.Build.0 = Release|Any CPU
		{67F9D3A8-F71E-4428-913F-C37AE82CDB24}.AppStore|ARM.ActiveCfg = Release|Any CPU
		{67F9D3A8-F71E-4428-913F-C37AE82CDB24}.AppStore|iPhone.ActiveCfg = Release|Any CPU
		{67F9D3A8-F71E-4428-913F-C37AE82CDB24}.AppStore|iPhoneSimulator.ActiveCfg = Release|Any CPU
		{67F9D3A8-F71E-4428-913F-C37AE82CDB24}.AppStore|Mixed Platforms.ActiveCfg = Release|Any CPU
		{67F9D3A8-F71E-4428-913F-C37AE82CDB24}.AppStore|Mixed Platforms.Build.0 = Release|Any CPU
		{67F9D3A8-F71E-4428-913F-C37AE82CDB24}.AppStore|x86.ActiveCfg = Release|Any CPU
		{67F9D3A8-F71E-4428-913F-C37AE82CDB24}.Debug|Any CPU.ActiveCfg = Debug|Any CPU
		{67F9D3A8-F71E-4428-913F-C37AE82CDB24}.Debug|Any CPU.Build.0 = Debug|Any CPU
		{67F9D3A8-F71E-4428-913F-C37AE82CDB24}.Debug|ARM.ActiveCfg = Debug|Any CPU
		{67F9D3A8-F71E-4428-913F-C37AE82CDB24}.Debug|iPhone.ActiveCfg = Debug|Any CPU
		{67F9D3A8-F71E-4428-913F-C37AE82CDB24}.Debug|iPhone.Build.0 = Debug|Any CPU
		{67F9D3A8-F71E-4428-913F-C37AE82CDB24}.Debug|iPhoneSimulator.ActiveCfg = Debug|Any CPU
		{67F9D3A8-F71E-4428-913F-C37AE82CDB24}.Debug|Mixed Platforms.ActiveCfg = Debug|Any CPU
		{67F9D3A8-F71E-4428-913F-C37AE82CDB24}.Debug|Mixed Platforms.Build.0 = Debug|Any CPU
		{67F9D3A8-F71E-4428-913F-C37AE82CDB24}.Debug|x86.ActiveCfg = Debug|Any CPU
		{67F9D3A8-F71E-4428-913F-C37AE82CDB24}.Release|Any CPU.ActiveCfg = Release|Any CPU
		{67F9D3A8-F71E-4428-913F-C37AE82CDB24}.Release|Any CPU.Build.0 = Release|Any CPU
		{67F9D3A8-F71E-4428-913F-C37AE82CDB24}.Release|ARM.ActiveCfg = Release|Any CPU
		{67F9D3A8-F71E-4428-913F-C37AE82CDB24}.Release|iPhone.ActiveCfg = Release|Any CPU
		{67F9D3A8-F71E-4428-913F-C37AE82CDB24}.Release|iPhone.Build.0 = Release|Any CPU
		{67F9D3A8-F71E-4428-913F-C37AE82CDB24}.Release|iPhoneSimulator.ActiveCfg = Release|Any CPU
		{67F9D3A8-F71E-4428-913F-C37AE82CDB24}.Release|Mixed Platforms.ActiveCfg = Release|Any CPU
		{67F9D3A8-F71E-4428-913F-C37AE82CDB24}.Release|Mixed Platforms.Build.0 = Release|Any CPU
		{67F9D3A8-F71E-4428-913F-C37AE82CDB24}.Release|x86.ActiveCfg = Release|Any CPU
		{D44B6F6B-E72B-4FCC-9806-677FA3A0C115}.Ad-Hoc|Any CPU.ActiveCfg = Release|Any CPU
		{D44B6F6B-E72B-4FCC-9806-677FA3A0C115}.Ad-Hoc|Any CPU.Build.0 = Release|Any CPU
		{D44B6F6B-E72B-4FCC-9806-677FA3A0C115}.Ad-Hoc|ARM.ActiveCfg = Release|Any CPU
		{D44B6F6B-E72B-4FCC-9806-677FA3A0C115}.Ad-Hoc|iPhone.ActiveCfg = Release|Any CPU
		{D44B6F6B-E72B-4FCC-9806-677FA3A0C115}.Ad-Hoc|iPhoneSimulator.ActiveCfg = Release|Any CPU
		{D44B6F6B-E72B-4FCC-9806-677FA3A0C115}.Ad-Hoc|Mixed Platforms.ActiveCfg = Release|Any CPU
		{D44B6F6B-E72B-4FCC-9806-677FA3A0C115}.Ad-Hoc|Mixed Platforms.Build.0 = Release|Any CPU
		{D44B6F6B-E72B-4FCC-9806-677FA3A0C115}.Ad-Hoc|x86.ActiveCfg = Release|Any CPU
		{D44B6F6B-E72B-4FCC-9806-677FA3A0C115}.AppStore|Any CPU.ActiveCfg = Release|Any CPU
		{D44B6F6B-E72B-4FCC-9806-677FA3A0C115}.AppStore|Any CPU.Build.0 = Release|Any CPU
		{D44B6F6B-E72B-4FCC-9806-677FA3A0C115}.AppStore|ARM.ActiveCfg = Release|Any CPU
		{D44B6F6B-E72B-4FCC-9806-677FA3A0C115}.AppStore|iPhone.ActiveCfg = Release|Any CPU
		{D44B6F6B-E72B-4FCC-9806-677FA3A0C115}.AppStore|iPhoneSimulator.ActiveCfg = Release|Any CPU
		{D44B6F6B-E72B-4FCC-9806-677FA3A0C115}.AppStore|Mixed Platforms.ActiveCfg = Release|Any CPU
		{D44B6F6B-E72B-4FCC-9806-677FA3A0C115}.AppStore|Mixed Platforms.Build.0 = Release|Any CPU
		{D44B6F6B-E72B-4FCC-9806-677FA3A0C115}.AppStore|x86.ActiveCfg = Release|Any CPU
		{D44B6F6B-E72B-4FCC-9806-677FA3A0C115}.Debug|Any CPU.ActiveCfg = Debug|Any CPU
		{D44B6F6B-E72B-4FCC-9806-677FA3A0C115}.Debug|ARM.ActiveCfg = Debug|Any CPU
		{D44B6F6B-E72B-4FCC-9806-677FA3A0C115}.Debug|iPhone.ActiveCfg = Debug|Any CPU
		{D44B6F6B-E72B-4FCC-9806-677FA3A0C115}.Debug|iPhone.Build.0 = Debug|Any CPU
		{D44B6F6B-E72B-4FCC-9806-677FA3A0C115}.Debug|iPhoneSimulator.ActiveCfg = Debug|Any CPU
		{D44B6F6B-E72B-4FCC-9806-677FA3A0C115}.Debug|Mixed Platforms.ActiveCfg = Debug|Any CPU
		{D44B6F6B-E72B-4FCC-9806-677FA3A0C115}.Debug|Mixed Platforms.Build.0 = Debug|Any CPU
		{D44B6F6B-E72B-4FCC-9806-677FA3A0C115}.Debug|x86.ActiveCfg = Debug|Any CPU
		{D44B6F6B-E72B-4FCC-9806-677FA3A0C115}.Release|Any CPU.ActiveCfg = Release|Any CPU
		{D44B6F6B-E72B-4FCC-9806-677FA3A0C115}.Release|Any CPU.Build.0 = Release|Any CPU
		{D44B6F6B-E72B-4FCC-9806-677FA3A0C115}.Release|ARM.ActiveCfg = Release|Any CPU
		{D44B6F6B-E72B-4FCC-9806-677FA3A0C115}.Release|iPhone.ActiveCfg = Release|Any CPU
		{D44B6F6B-E72B-4FCC-9806-677FA3A0C115}.Release|iPhone.Build.0 = Release|Any CPU
		{D44B6F6B-E72B-4FCC-9806-677FA3A0C115}.Release|iPhoneSimulator.ActiveCfg = Release|Any CPU
		{D44B6F6B-E72B-4FCC-9806-677FA3A0C115}.Release|Mixed Platforms.ActiveCfg = Release|Any CPU
		{D44B6F6B-E72B-4FCC-9806-677FA3A0C115}.Release|Mixed Platforms.Build.0 = Release|Any CPU
		{D44B6F6B-E72B-4FCC-9806-677FA3A0C115}.Release|x86.ActiveCfg = Release|Any CPU
		{7E5F8327-6D08-422C-99DE-459B4CD22B4E}.Ad-Hoc|Any CPU.ActiveCfg = Release|Any CPU
		{7E5F8327-6D08-422C-99DE-459B4CD22B4E}.Ad-Hoc|Any CPU.Build.0 = Release|Any CPU
		{7E5F8327-6D08-422C-99DE-459B4CD22B4E}.Ad-Hoc|ARM.ActiveCfg = Release|Any CPU
		{7E5F8327-6D08-422C-99DE-459B4CD22B4E}.Ad-Hoc|iPhone.ActiveCfg = Release|Any CPU
		{7E5F8327-6D08-422C-99DE-459B4CD22B4E}.Ad-Hoc|iPhoneSimulator.ActiveCfg = Release|Any CPU
		{7E5F8327-6D08-422C-99DE-459B4CD22B4E}.Ad-Hoc|Mixed Platforms.ActiveCfg = Release|Any CPU
		{7E5F8327-6D08-422C-99DE-459B4CD22B4E}.Ad-Hoc|Mixed Platforms.Build.0 = Release|Any CPU
		{7E5F8327-6D08-422C-99DE-459B4CD22B4E}.Ad-Hoc|x86.ActiveCfg = Release|Any CPU
		{7E5F8327-6D08-422C-99DE-459B4CD22B4E}.AppStore|Any CPU.ActiveCfg = Release|Any CPU
		{7E5F8327-6D08-422C-99DE-459B4CD22B4E}.AppStore|Any CPU.Build.0 = Release|Any CPU
		{7E5F8327-6D08-422C-99DE-459B4CD22B4E}.AppStore|ARM.ActiveCfg = Release|Any CPU
		{7E5F8327-6D08-422C-99DE-459B4CD22B4E}.AppStore|iPhone.ActiveCfg = Release|Any CPU
		{7E5F8327-6D08-422C-99DE-459B4CD22B4E}.AppStore|iPhoneSimulator.ActiveCfg = Release|Any CPU
		{7E5F8327-6D08-422C-99DE-459B4CD22B4E}.AppStore|Mixed Platforms.ActiveCfg = Release|Any CPU
		{7E5F8327-6D08-422C-99DE-459B4CD22B4E}.AppStore|Mixed Platforms.Build.0 = Release|Any CPU
		{7E5F8327-6D08-422C-99DE-459B4CD22B4E}.AppStore|x86.ActiveCfg = Release|Any CPU
		{7E5F8327-6D08-422C-99DE-459B4CD22B4E}.Debug|Any CPU.ActiveCfg = Debug|Any CPU
		{7E5F8327-6D08-422C-99DE-459B4CD22B4E}.Debug|Any CPU.Build.0 = Debug|Any CPU
		{7E5F8327-6D08-422C-99DE-459B4CD22B4E}.Debug|ARM.ActiveCfg = Debug|Any CPU
		{7E5F8327-6D08-422C-99DE-459B4CD22B4E}.Debug|iPhone.ActiveCfg = Debug|Any CPU
		{7E5F8327-6D08-422C-99DE-459B4CD22B4E}.Debug|iPhone.Build.0 = Debug|Any CPU
		{7E5F8327-6D08-422C-99DE-459B4CD22B4E}.Debug|iPhoneSimulator.ActiveCfg = Debug|Any CPU
		{7E5F8327-6D08-422C-99DE-459B4CD22B4E}.Debug|Mixed Platforms.ActiveCfg = Debug|Any CPU
		{7E5F8327-6D08-422C-99DE-459B4CD22B4E}.Debug|Mixed Platforms.Build.0 = Debug|Any CPU
		{7E5F8327-6D08-422C-99DE-459B4CD22B4E}.Debug|x86.ActiveCfg = Debug|Any CPU
		{7E5F8327-6D08-422C-99DE-459B4CD22B4E}.Release|Any CPU.ActiveCfg = Release|Any CPU
		{7E5F8327-6D08-422C-99DE-459B4CD22B4E}.Release|Any CPU.Build.0 = Release|Any CPU
		{7E5F8327-6D08-422C-99DE-459B4CD22B4E}.Release|ARM.ActiveCfg = Release|Any CPU
		{7E5F8327-6D08-422C-99DE-459B4CD22B4E}.Release|iPhone.ActiveCfg = Release|Any CPU
		{7E5F8327-6D08-422C-99DE-459B4CD22B4E}.Release|iPhone.Build.0 = Release|Any CPU
		{7E5F8327-6D08-422C-99DE-459B4CD22B4E}.Release|iPhoneSimulator.ActiveCfg = Release|Any CPU
		{7E5F8327-6D08-422C-99DE-459B4CD22B4E}.Release|Mixed Platforms.ActiveCfg = Release|Any CPU
		{7E5F8327-6D08-422C-99DE-459B4CD22B4E}.Release|Mixed Platforms.Build.0 = Release|Any CPU
		{7E5F8327-6D08-422C-99DE-459B4CD22B4E}.Release|x86.ActiveCfg = Release|Any CPU
		{D811621C-0479-4C65-87B3-294CB5640591}.Ad-Hoc|Any CPU.ActiveCfg = Release|Any CPU
		{D811621C-0479-4C65-87B3-294CB5640591}.Ad-Hoc|Any CPU.Build.0 = Release|Any CPU
		{D811621C-0479-4C65-87B3-294CB5640591}.Ad-Hoc|ARM.ActiveCfg = Release|Any CPU
		{D811621C-0479-4C65-87B3-294CB5640591}.Ad-Hoc|iPhone.ActiveCfg = Release|Any CPU
		{D811621C-0479-4C65-87B3-294CB5640591}.Ad-Hoc|iPhoneSimulator.ActiveCfg = Release|Any CPU
		{D811621C-0479-4C65-87B3-294CB5640591}.Ad-Hoc|Mixed Platforms.ActiveCfg = Release|Any CPU
		{D811621C-0479-4C65-87B3-294CB5640591}.Ad-Hoc|Mixed Platforms.Build.0 = Release|Any CPU
		{D811621C-0479-4C65-87B3-294CB5640591}.Ad-Hoc|x86.ActiveCfg = Release|Any CPU
		{D811621C-0479-4C65-87B3-294CB5640591}.AppStore|Any CPU.ActiveCfg = Release|Any CPU
		{D811621C-0479-4C65-87B3-294CB5640591}.AppStore|Any CPU.Build.0 = Release|Any CPU
		{D811621C-0479-4C65-87B3-294CB5640591}.AppStore|ARM.ActiveCfg = Release|Any CPU
		{D811621C-0479-4C65-87B3-294CB5640591}.AppStore|iPhone.ActiveCfg = Release|Any CPU
		{D811621C-0479-4C65-87B3-294CB5640591}.AppStore|iPhoneSimulator.ActiveCfg = Release|Any CPU
		{D811621C-0479-4C65-87B3-294CB5640591}.AppStore|Mixed Platforms.ActiveCfg = Release|Any CPU
		{D811621C-0479-4C65-87B3-294CB5640591}.AppStore|Mixed Platforms.Build.0 = Release|Any CPU
		{D811621C-0479-4C65-87B3-294CB5640591}.AppStore|x86.ActiveCfg = Release|Any CPU
		{D811621C-0479-4C65-87B3-294CB5640591}.Debug|Any CPU.ActiveCfg = Debug|Any CPU
		{D811621C-0479-4C65-87B3-294CB5640591}.Debug|Any CPU.Build.0 = Debug|Any CPU
		{D811621C-0479-4C65-87B3-294CB5640591}.Debug|ARM.ActiveCfg = Debug|Any CPU
		{D811621C-0479-4C65-87B3-294CB5640591}.Debug|iPhone.ActiveCfg = Debug|Any CPU
		{D811621C-0479-4C65-87B3-294CB5640591}.Debug|iPhone.Build.0 = Debug|Any CPU
		{D811621C-0479-4C65-87B3-294CB5640591}.Debug|iPhoneSimulator.ActiveCfg = Debug|Any CPU
		{D811621C-0479-4C65-87B3-294CB5640591}.Debug|Mixed Platforms.ActiveCfg = Debug|Any CPU
		{D811621C-0479-4C65-87B3-294CB5640591}.Debug|Mixed Platforms.Build.0 = Debug|Any CPU
		{D811621C-0479-4C65-87B3-294CB5640591}.Debug|x86.ActiveCfg = Debug|Any CPU
		{D811621C-0479-4C65-87B3-294CB5640591}.Release|Any CPU.ActiveCfg = Release|Any CPU
		{D811621C-0479-4C65-87B3-294CB5640591}.Release|Any CPU.Build.0 = Release|Any CPU
		{D811621C-0479-4C65-87B3-294CB5640591}.Release|ARM.ActiveCfg = Release|Any CPU
		{D811621C-0479-4C65-87B3-294CB5640591}.Release|iPhone.ActiveCfg = Release|Any CPU
		{D811621C-0479-4C65-87B3-294CB5640591}.Release|iPhone.Build.0 = Release|Any CPU
		{D811621C-0479-4C65-87B3-294CB5640591}.Release|iPhoneSimulator.ActiveCfg = Release|Any CPU
		{D811621C-0479-4C65-87B3-294CB5640591}.Release|Mixed Platforms.ActiveCfg = Release|Any CPU
		{D811621C-0479-4C65-87B3-294CB5640591}.Release|Mixed Platforms.Build.0 = Release|Any CPU
		{D811621C-0479-4C65-87B3-294CB5640591}.Release|x86.ActiveCfg = Release|Any CPU
		{026C97EE-4637-4301-9F87-4F085E98674E}.Ad-Hoc|Any CPU.ActiveCfg = Release|Any CPU
		{026C97EE-4637-4301-9F87-4F085E98674E}.Ad-Hoc|Any CPU.Build.0 = Release|Any CPU
		{026C97EE-4637-4301-9F87-4F085E98674E}.Ad-Hoc|ARM.ActiveCfg = Release|Any CPU
		{026C97EE-4637-4301-9F87-4F085E98674E}.Ad-Hoc|iPhone.ActiveCfg = Release|Any CPU
		{026C97EE-4637-4301-9F87-4F085E98674E}.Ad-Hoc|iPhoneSimulator.ActiveCfg = Release|Any CPU
		{026C97EE-4637-4301-9F87-4F085E98674E}.Ad-Hoc|Mixed Platforms.ActiveCfg = Release|Any CPU
		{026C97EE-4637-4301-9F87-4F085E98674E}.Ad-Hoc|Mixed Platforms.Build.0 = Release|Any CPU
		{026C97EE-4637-4301-9F87-4F085E98674E}.Ad-Hoc|x86.ActiveCfg = Release|Any CPU
		{026C97EE-4637-4301-9F87-4F085E98674E}.AppStore|Any CPU.ActiveCfg = Release|Any CPU
		{026C97EE-4637-4301-9F87-4F085E98674E}.AppStore|Any CPU.Build.0 = Release|Any CPU
		{026C97EE-4637-4301-9F87-4F085E98674E}.AppStore|ARM.ActiveCfg = Release|Any CPU
		{026C97EE-4637-4301-9F87-4F085E98674E}.AppStore|iPhone.ActiveCfg = Release|Any CPU
		{026C97EE-4637-4301-9F87-4F085E98674E}.AppStore|iPhoneSimulator.ActiveCfg = Release|Any CPU
		{026C97EE-4637-4301-9F87-4F085E98674E}.AppStore|Mixed Platforms.ActiveCfg = Release|Any CPU
		{026C97EE-4637-4301-9F87-4F085E98674E}.AppStore|Mixed Platforms.Build.0 = Release|Any CPU
		{026C97EE-4637-4301-9F87-4F085E98674E}.AppStore|x86.ActiveCfg = Release|Any CPU
		{026C97EE-4637-4301-9F87-4F085E98674E}.Debug|Any CPU.ActiveCfg = Debug|Any CPU
		{026C97EE-4637-4301-9F87-4F085E98674E}.Debug|Any CPU.Build.0 = Debug|Any CPU
		{026C97EE-4637-4301-9F87-4F085E98674E}.Debug|ARM.ActiveCfg = Debug|Any CPU
		{026C97EE-4637-4301-9F87-4F085E98674E}.Debug|iPhone.ActiveCfg = Debug|Any CPU
		{026C97EE-4637-4301-9F87-4F085E98674E}.Debug|iPhoneSimulator.ActiveCfg = Debug|Any CPU
		{026C97EE-4637-4301-9F87-4F085E98674E}.Debug|Mixed Platforms.ActiveCfg = Debug|Any CPU
		{026C97EE-4637-4301-9F87-4F085E98674E}.Debug|Mixed Platforms.Build.0 = Debug|Any CPU
		{026C97EE-4637-4301-9F87-4F085E98674E}.Debug|x86.ActiveCfg = Debug|Any CPU
		{026C97EE-4637-4301-9F87-4F085E98674E}.Release|Any CPU.ActiveCfg = Release|Any CPU
		{026C97EE-4637-4301-9F87-4F085E98674E}.Release|Any CPU.Build.0 = Release|Any CPU
		{026C97EE-4637-4301-9F87-4F085E98674E}.Release|ARM.ActiveCfg = Release|Any CPU
		{026C97EE-4637-4301-9F87-4F085E98674E}.Release|iPhone.ActiveCfg = Release|Any CPU
		{026C97EE-4637-4301-9F87-4F085E98674E}.Release|iPhoneSimulator.ActiveCfg = Release|Any CPU
		{026C97EE-4637-4301-9F87-4F085E98674E}.Release|Mixed Platforms.ActiveCfg = Release|Any CPU
		{026C97EE-4637-4301-9F87-4F085E98674E}.Release|Mixed Platforms.Build.0 = Release|Any CPU
		{026C97EE-4637-4301-9F87-4F085E98674E}.Release|x86.ActiveCfg = Release|Any CPU
		{328A82BE-8B67-4BCA-974A-2B34FDBAA998}.Ad-Hoc|Any CPU.ActiveCfg = Release|Any CPU
		{328A82BE-8B67-4BCA-974A-2B34FDBAA998}.Ad-Hoc|Any CPU.Build.0 = Release|Any CPU
		{328A82BE-8B67-4BCA-974A-2B34FDBAA998}.Ad-Hoc|ARM.ActiveCfg = Release|Any CPU
		{328A82BE-8B67-4BCA-974A-2B34FDBAA998}.Ad-Hoc|iPhone.ActiveCfg = Release|Any CPU
		{328A82BE-8B67-4BCA-974A-2B34FDBAA998}.Ad-Hoc|iPhoneSimulator.ActiveCfg = Release|Any CPU
		{328A82BE-8B67-4BCA-974A-2B34FDBAA998}.Ad-Hoc|Mixed Platforms.ActiveCfg = Release|Any CPU
		{328A82BE-8B67-4BCA-974A-2B34FDBAA998}.Ad-Hoc|Mixed Platforms.Build.0 = Release|Any CPU
		{328A82BE-8B67-4BCA-974A-2B34FDBAA998}.Ad-Hoc|x86.ActiveCfg = Release|Any CPU
		{328A82BE-8B67-4BCA-974A-2B34FDBAA998}.AppStore|Any CPU.ActiveCfg = Release|Any CPU
		{328A82BE-8B67-4BCA-974A-2B34FDBAA998}.AppStore|Any CPU.Build.0 = Release|Any CPU
		{328A82BE-8B67-4BCA-974A-2B34FDBAA998}.AppStore|ARM.ActiveCfg = Release|Any CPU
		{328A82BE-8B67-4BCA-974A-2B34FDBAA998}.AppStore|iPhone.ActiveCfg = Release|Any CPU
		{328A82BE-8B67-4BCA-974A-2B34FDBAA998}.AppStore|iPhoneSimulator.ActiveCfg = Release|Any CPU
		{328A82BE-8B67-4BCA-974A-2B34FDBAA998}.AppStore|Mixed Platforms.ActiveCfg = Release|Any CPU
		{328A82BE-8B67-4BCA-974A-2B34FDBAA998}.AppStore|Mixed Platforms.Build.0 = Release|Any CPU
		{328A82BE-8B67-4BCA-974A-2B34FDBAA998}.AppStore|x86.ActiveCfg = Release|Any CPU
		{328A82BE-8B67-4BCA-974A-2B34FDBAA998}.Debug|Any CPU.ActiveCfg = Debug|Any CPU
		{328A82BE-8B67-4BCA-974A-2B34FDBAA998}.Debug|ARM.ActiveCfg = Debug|Any CPU
		{328A82BE-8B67-4BCA-974A-2B34FDBAA998}.Debug|iPhone.ActiveCfg = Debug|Any CPU
		{328A82BE-8B67-4BCA-974A-2B34FDBAA998}.Debug|iPhone.Build.0 = Debug|Any CPU
		{328A82BE-8B67-4BCA-974A-2B34FDBAA998}.Debug|iPhoneSimulator.ActiveCfg = Debug|Any CPU
		{328A82BE-8B67-4BCA-974A-2B34FDBAA998}.Debug|Mixed Platforms.ActiveCfg = Debug|Any CPU
		{328A82BE-8B67-4BCA-974A-2B34FDBAA998}.Debug|Mixed Platforms.Build.0 = Debug|Any CPU
		{328A82BE-8B67-4BCA-974A-2B34FDBAA998}.Debug|x86.ActiveCfg = Debug|Any CPU
		{328A82BE-8B67-4BCA-974A-2B34FDBAA998}.Release|Any CPU.ActiveCfg = Release|Any CPU
		{328A82BE-8B67-4BCA-974A-2B34FDBAA998}.Release|Any CPU.Build.0 = Release|Any CPU
		{328A82BE-8B67-4BCA-974A-2B34FDBAA998}.Release|ARM.ActiveCfg = Release|Any CPU
		{328A82BE-8B67-4BCA-974A-2B34FDBAA998}.Release|iPhone.ActiveCfg = Release|Any CPU
		{328A82BE-8B67-4BCA-974A-2B34FDBAA998}.Release|iPhone.Build.0 = Release|Any CPU
		{328A82BE-8B67-4BCA-974A-2B34FDBAA998}.Release|iPhoneSimulator.ActiveCfg = Release|Any CPU
		{328A82BE-8B67-4BCA-974A-2B34FDBAA998}.Release|Mixed Platforms.ActiveCfg = Release|Any CPU
		{328A82BE-8B67-4BCA-974A-2B34FDBAA998}.Release|Mixed Platforms.Build.0 = Release|Any CPU
		{328A82BE-8B67-4BCA-974A-2B34FDBAA998}.Release|x86.ActiveCfg = Release|Any CPU
		{24A38C38-4A3B-4E0F-AD00-05740ED1E504}.Ad-Hoc|Any CPU.ActiveCfg = Release|Any CPU
		{24A38C38-4A3B-4E0F-AD00-05740ED1E504}.Ad-Hoc|Any CPU.Build.0 = Release|Any CPU
		{24A38C38-4A3B-4E0F-AD00-05740ED1E504}.Ad-Hoc|ARM.ActiveCfg = Release|Any CPU
		{24A38C38-4A3B-4E0F-AD00-05740ED1E504}.Ad-Hoc|iPhone.ActiveCfg = Release|Any CPU
		{24A38C38-4A3B-4E0F-AD00-05740ED1E504}.Ad-Hoc|iPhoneSimulator.ActiveCfg = Release|Any CPU
		{24A38C38-4A3B-4E0F-AD00-05740ED1E504}.Ad-Hoc|Mixed Platforms.ActiveCfg = Release|Any CPU
		{24A38C38-4A3B-4E0F-AD00-05740ED1E504}.Ad-Hoc|Mixed Platforms.Build.0 = Release|Any CPU
		{24A38C38-4A3B-4E0F-AD00-05740ED1E504}.Ad-Hoc|x86.ActiveCfg = Release|Any CPU
		{24A38C38-4A3B-4E0F-AD00-05740ED1E504}.AppStore|Any CPU.ActiveCfg = Release|Any CPU
		{24A38C38-4A3B-4E0F-AD00-05740ED1E504}.AppStore|Any CPU.Build.0 = Release|Any CPU
		{24A38C38-4A3B-4E0F-AD00-05740ED1E504}.AppStore|ARM.ActiveCfg = Release|Any CPU
		{24A38C38-4A3B-4E0F-AD00-05740ED1E504}.AppStore|iPhone.ActiveCfg = Release|Any CPU
		{24A38C38-4A3B-4E0F-AD00-05740ED1E504}.AppStore|iPhoneSimulator.ActiveCfg = Release|Any CPU
		{24A38C38-4A3B-4E0F-AD00-05740ED1E504}.AppStore|Mixed Platforms.ActiveCfg = Release|Any CPU
		{24A38C38-4A3B-4E0F-AD00-05740ED1E504}.AppStore|Mixed Platforms.Build.0 = Release|Any CPU
		{24A38C38-4A3B-4E0F-AD00-05740ED1E504}.AppStore|x86.ActiveCfg = Release|Any CPU
		{24A38C38-4A3B-4E0F-AD00-05740ED1E504}.Debug|Any CPU.ActiveCfg = Debug|Any CPU
		{24A38C38-4A3B-4E0F-AD00-05740ED1E504}.Debug|Any CPU.Build.0 = Debug|Any CPU
		{24A38C38-4A3B-4E0F-AD00-05740ED1E504}.Debug|ARM.ActiveCfg = Debug|Any CPU
		{24A38C38-4A3B-4E0F-AD00-05740ED1E504}.Debug|iPhone.ActiveCfg = Debug|Any CPU
		{24A38C38-4A3B-4E0F-AD00-05740ED1E504}.Debug|iPhone.Build.0 = Debug|Any CPU
		{24A38C38-4A3B-4E0F-AD00-05740ED1E504}.Debug|iPhoneSimulator.ActiveCfg = Debug|Any CPU
		{24A38C38-4A3B-4E0F-AD00-05740ED1E504}.Debug|Mixed Platforms.ActiveCfg = Debug|Any CPU
		{24A38C38-4A3B-4E0F-AD00-05740ED1E504}.Debug|Mixed Platforms.Build.0 = Debug|Any CPU
		{24A38C38-4A3B-4E0F-AD00-05740ED1E504}.Debug|x86.ActiveCfg = Debug|Any CPU
		{24A38C38-4A3B-4E0F-AD00-05740ED1E504}.Release|Any CPU.ActiveCfg = Release|Any CPU
		{24A38C38-4A3B-4E0F-AD00-05740ED1E504}.Release|Any CPU.Build.0 = Release|Any CPU
		{24A38C38-4A3B-4E0F-AD00-05740ED1E504}.Release|ARM.ActiveCfg = Release|Any CPU
		{24A38C38-4A3B-4E0F-AD00-05740ED1E504}.Release|iPhone.ActiveCfg = Release|Any CPU
		{24A38C38-4A3B-4E0F-AD00-05740ED1E504}.Release|iPhone.Build.0 = Release|Any CPU
		{24A38C38-4A3B-4E0F-AD00-05740ED1E504}.Release|iPhoneSimulator.ActiveCfg = Release|Any CPU
		{24A38C38-4A3B-4E0F-AD00-05740ED1E504}.Release|Mixed Platforms.ActiveCfg = Release|Any CPU
		{24A38C38-4A3B-4E0F-AD00-05740ED1E504}.Release|Mixed Platforms.Build.0 = Release|Any CPU
		{24A38C38-4A3B-4E0F-AD00-05740ED1E504}.Release|x86.ActiveCfg = Release|Any CPU
		{B023BAFB-1706-4A69-A1CF-85344914B625}.Ad-Hoc|Any CPU.ActiveCfg = Release|Any CPU
		{B023BAFB-1706-4A69-A1CF-85344914B625}.Ad-Hoc|Any CPU.Build.0 = Release|Any CPU
		{B023BAFB-1706-4A69-A1CF-85344914B625}.Ad-Hoc|ARM.ActiveCfg = Release|Any CPU
		{B023BAFB-1706-4A69-A1CF-85344914B625}.Ad-Hoc|iPhone.ActiveCfg = Release|Any CPU
		{B023BAFB-1706-4A69-A1CF-85344914B625}.Ad-Hoc|iPhoneSimulator.ActiveCfg = Release|Any CPU
		{B023BAFB-1706-4A69-A1CF-85344914B625}.Ad-Hoc|Mixed Platforms.ActiveCfg = Release|Any CPU
		{B023BAFB-1706-4A69-A1CF-85344914B625}.Ad-Hoc|Mixed Platforms.Build.0 = Release|Any CPU
		{B023BAFB-1706-4A69-A1CF-85344914B625}.Ad-Hoc|x86.ActiveCfg = Release|Any CPU
		{B023BAFB-1706-4A69-A1CF-85344914B625}.AppStore|Any CPU.ActiveCfg = Release|Any CPU
		{B023BAFB-1706-4A69-A1CF-85344914B625}.AppStore|Any CPU.Build.0 = Release|Any CPU
		{B023BAFB-1706-4A69-A1CF-85344914B625}.AppStore|ARM.ActiveCfg = Release|Any CPU
		{B023BAFB-1706-4A69-A1CF-85344914B625}.AppStore|iPhone.ActiveCfg = Release|Any CPU
		{B023BAFB-1706-4A69-A1CF-85344914B625}.AppStore|iPhoneSimulator.ActiveCfg = Release|Any CPU
		{B023BAFB-1706-4A69-A1CF-85344914B625}.AppStore|Mixed Platforms.ActiveCfg = Release|Any CPU
		{B023BAFB-1706-4A69-A1CF-85344914B625}.AppStore|Mixed Platforms.Build.0 = Release|Any CPU
		{B023BAFB-1706-4A69-A1CF-85344914B625}.AppStore|x86.ActiveCfg = Release|Any CPU
		{B023BAFB-1706-4A69-A1CF-85344914B625}.Debug|Any CPU.ActiveCfg = Debug|Any CPU
		{B023BAFB-1706-4A69-A1CF-85344914B625}.Debug|Any CPU.Build.0 = Debug|Any CPU
		{B023BAFB-1706-4A69-A1CF-85344914B625}.Debug|ARM.ActiveCfg = Debug|Any CPU
		{B023BAFB-1706-4A69-A1CF-85344914B625}.Debug|iPhone.ActiveCfg = Debug|Any CPU
		{B023BAFB-1706-4A69-A1CF-85344914B625}.Debug|iPhone.Build.0 = Debug|Any CPU
		{B023BAFB-1706-4A69-A1CF-85344914B625}.Debug|iPhoneSimulator.ActiveCfg = Debug|Any CPU
		{B023BAFB-1706-4A69-A1CF-85344914B625}.Debug|Mixed Platforms.ActiveCfg = Debug|Any CPU
		{B023BAFB-1706-4A69-A1CF-85344914B625}.Debug|Mixed Platforms.Build.0 = Debug|Any CPU
		{B023BAFB-1706-4A69-A1CF-85344914B625}.Debug|x86.ActiveCfg = Debug|Any CPU
		{B023BAFB-1706-4A69-A1CF-85344914B625}.Release|Any CPU.ActiveCfg = Release|Any CPU
		{B023BAFB-1706-4A69-A1CF-85344914B625}.Release|Any CPU.Build.0 = Release|Any CPU
		{B023BAFB-1706-4A69-A1CF-85344914B625}.Release|ARM.ActiveCfg = Release|Any CPU
		{B023BAFB-1706-4A69-A1CF-85344914B625}.Release|iPhone.ActiveCfg = Release|Any CPU
		{B023BAFB-1706-4A69-A1CF-85344914B625}.Release|iPhone.Build.0 = Release|Any CPU
		{B023BAFB-1706-4A69-A1CF-85344914B625}.Release|iPhoneSimulator.ActiveCfg = Release|Any CPU
		{B023BAFB-1706-4A69-A1CF-85344914B625}.Release|Mixed Platforms.ActiveCfg = Release|Any CPU
		{B023BAFB-1706-4A69-A1CF-85344914B625}.Release|Mixed Platforms.Build.0 = Release|Any CPU
		{B023BAFB-1706-4A69-A1CF-85344914B625}.Release|x86.ActiveCfg = Release|Any CPU
		{9E2E273E-752D-4DBC-9813-A4E8FEBF8F35}.Ad-Hoc|Any CPU.ActiveCfg = Release|Any CPU
		{9E2E273E-752D-4DBC-9813-A4E8FEBF8F35}.Ad-Hoc|Any CPU.Build.0 = Release|Any CPU
		{9E2E273E-752D-4DBC-9813-A4E8FEBF8F35}.Ad-Hoc|ARM.ActiveCfg = Release|Any CPU
		{9E2E273E-752D-4DBC-9813-A4E8FEBF8F35}.Ad-Hoc|iPhone.ActiveCfg = Release|Any CPU
		{9E2E273E-752D-4DBC-9813-A4E8FEBF8F35}.Ad-Hoc|iPhoneSimulator.ActiveCfg = Release|Any CPU
		{9E2E273E-752D-4DBC-9813-A4E8FEBF8F35}.Ad-Hoc|Mixed Platforms.ActiveCfg = Release|Any CPU
		{9E2E273E-752D-4DBC-9813-A4E8FEBF8F35}.Ad-Hoc|Mixed Platforms.Build.0 = Release|Any CPU
		{9E2E273E-752D-4DBC-9813-A4E8FEBF8F35}.Ad-Hoc|x86.ActiveCfg = Release|Any CPU
		{9E2E273E-752D-4DBC-9813-A4E8FEBF8F35}.AppStore|Any CPU.ActiveCfg = Release|Any CPU
		{9E2E273E-752D-4DBC-9813-A4E8FEBF8F35}.AppStore|Any CPU.Build.0 = Release|Any CPU
		{9E2E273E-752D-4DBC-9813-A4E8FEBF8F35}.AppStore|ARM.ActiveCfg = Release|Any CPU
		{9E2E273E-752D-4DBC-9813-A4E8FEBF8F35}.AppStore|iPhone.ActiveCfg = Release|Any CPU
		{9E2E273E-752D-4DBC-9813-A4E8FEBF8F35}.AppStore|iPhoneSimulator.ActiveCfg = Release|Any CPU
		{9E2E273E-752D-4DBC-9813-A4E8FEBF8F35}.AppStore|Mixed Platforms.ActiveCfg = Release|Any CPU
		{9E2E273E-752D-4DBC-9813-A4E8FEBF8F35}.AppStore|Mixed Platforms.Build.0 = Release|Any CPU
		{9E2E273E-752D-4DBC-9813-A4E8FEBF8F35}.AppStore|x86.ActiveCfg = Release|Any CPU
		{9E2E273E-752D-4DBC-9813-A4E8FEBF8F35}.Debug|Any CPU.ActiveCfg = Debug|Any CPU
		{9E2E273E-752D-4DBC-9813-A4E8FEBF8F35}.Debug|Any CPU.Build.0 = Debug|Any CPU
		{9E2E273E-752D-4DBC-9813-A4E8FEBF8F35}.Debug|ARM.ActiveCfg = Debug|Any CPU
		{9E2E273E-752D-4DBC-9813-A4E8FEBF8F35}.Debug|iPhone.ActiveCfg = Debug|Any CPU
		{9E2E273E-752D-4DBC-9813-A4E8FEBF8F35}.Debug|iPhone.Build.0 = Debug|Any CPU
		{9E2E273E-752D-4DBC-9813-A4E8FEBF8F35}.Debug|iPhoneSimulator.ActiveCfg = Debug|Any CPU
		{9E2E273E-752D-4DBC-9813-A4E8FEBF8F35}.Debug|Mixed Platforms.ActiveCfg = Debug|Any CPU
		{9E2E273E-752D-4DBC-9813-A4E8FEBF8F35}.Debug|Mixed Platforms.Build.0 = Debug|Any CPU
		{9E2E273E-752D-4DBC-9813-A4E8FEBF8F35}.Debug|x86.ActiveCfg = Debug|Any CPU
		{9E2E273E-752D-4DBC-9813-A4E8FEBF8F35}.Release|Any CPU.ActiveCfg = Release|Any CPU
		{9E2E273E-752D-4DBC-9813-A4E8FEBF8F35}.Release|Any CPU.Build.0 = Release|Any CPU
		{9E2E273E-752D-4DBC-9813-A4E8FEBF8F35}.Release|ARM.ActiveCfg = Release|Any CPU
		{9E2E273E-752D-4DBC-9813-A4E8FEBF8F35}.Release|iPhone.ActiveCfg = Release|Any CPU
		{9E2E273E-752D-4DBC-9813-A4E8FEBF8F35}.Release|iPhone.Build.0 = Release|Any CPU
		{9E2E273E-752D-4DBC-9813-A4E8FEBF8F35}.Release|iPhoneSimulator.ActiveCfg = Release|Any CPU
		{9E2E273E-752D-4DBC-9813-A4E8FEBF8F35}.Release|Mixed Platforms.ActiveCfg = Release|Any CPU
		{9E2E273E-752D-4DBC-9813-A4E8FEBF8F35}.Release|Mixed Platforms.Build.0 = Release|Any CPU
		{9E2E273E-752D-4DBC-9813-A4E8FEBF8F35}.Release|x86.ActiveCfg = Release|Any CPU
		{F15E0F21-E711-4663-8AFA-CDD2F4F1430A}.Ad-Hoc|Any CPU.ActiveCfg = Release|Any CPU
		{F15E0F21-E711-4663-8AFA-CDD2F4F1430A}.Ad-Hoc|Any CPU.Build.0 = Release|Any CPU
		{F15E0F21-E711-4663-8AFA-CDD2F4F1430A}.Ad-Hoc|ARM.ActiveCfg = Release|Any CPU
		{F15E0F21-E711-4663-8AFA-CDD2F4F1430A}.Ad-Hoc|iPhone.ActiveCfg = Release|Any CPU
		{F15E0F21-E711-4663-8AFA-CDD2F4F1430A}.Ad-Hoc|iPhoneSimulator.ActiveCfg = Release|Any CPU
		{F15E0F21-E711-4663-8AFA-CDD2F4F1430A}.Ad-Hoc|Mixed Platforms.ActiveCfg = Release|Any CPU
		{F15E0F21-E711-4663-8AFA-CDD2F4F1430A}.Ad-Hoc|Mixed Platforms.Build.0 = Release|Any CPU
		{F15E0F21-E711-4663-8AFA-CDD2F4F1430A}.Ad-Hoc|x86.ActiveCfg = Release|Any CPU
		{F15E0F21-E711-4663-8AFA-CDD2F4F1430A}.AppStore|Any CPU.ActiveCfg = Release|Any CPU
		{F15E0F21-E711-4663-8AFA-CDD2F4F1430A}.AppStore|Any CPU.Build.0 = Release|Any CPU
		{F15E0F21-E711-4663-8AFA-CDD2F4F1430A}.AppStore|ARM.ActiveCfg = Release|Any CPU
		{F15E0F21-E711-4663-8AFA-CDD2F4F1430A}.AppStore|iPhone.ActiveCfg = Release|Any CPU
		{F15E0F21-E711-4663-8AFA-CDD2F4F1430A}.AppStore|iPhoneSimulator.ActiveCfg = Release|Any CPU
		{F15E0F21-E711-4663-8AFA-CDD2F4F1430A}.AppStore|Mixed Platforms.ActiveCfg = Release|Any CPU
		{F15E0F21-E711-4663-8AFA-CDD2F4F1430A}.AppStore|Mixed Platforms.Build.0 = Release|Any CPU
		{F15E0F21-E711-4663-8AFA-CDD2F4F1430A}.AppStore|x86.ActiveCfg = Release|Any CPU
		{F15E0F21-E711-4663-8AFA-CDD2F4F1430A}.Debug|Any CPU.ActiveCfg = Debug|Any CPU
		{F15E0F21-E711-4663-8AFA-CDD2F4F1430A}.Debug|Any CPU.Build.0 = Debug|Any CPU
		{F15E0F21-E711-4663-8AFA-CDD2F4F1430A}.Debug|ARM.ActiveCfg = Debug|Any CPU
		{F15E0F21-E711-4663-8AFA-CDD2F4F1430A}.Debug|iPhone.ActiveCfg = Debug|Any CPU
		{F15E0F21-E711-4663-8AFA-CDD2F4F1430A}.Debug|iPhone.Build.0 = Debug|Any CPU
		{F15E0F21-E711-4663-8AFA-CDD2F4F1430A}.Debug|iPhoneSimulator.ActiveCfg = Debug|Any CPU
		{F15E0F21-E711-4663-8AFA-CDD2F4F1430A}.Debug|Mixed Platforms.ActiveCfg = Debug|Any CPU
		{F15E0F21-E711-4663-8AFA-CDD2F4F1430A}.Debug|Mixed Platforms.Build.0 = Debug|Any CPU
		{F15E0F21-E711-4663-8AFA-CDD2F4F1430A}.Debug|x86.ActiveCfg = Debug|Any CPU
		{F15E0F21-E711-4663-8AFA-CDD2F4F1430A}.Release|Any CPU.ActiveCfg = Release|Any CPU
		{F15E0F21-E711-4663-8AFA-CDD2F4F1430A}.Release|Any CPU.Build.0 = Release|Any CPU
		{F15E0F21-E711-4663-8AFA-CDD2F4F1430A}.Release|ARM.ActiveCfg = Release|Any CPU
		{F15E0F21-E711-4663-8AFA-CDD2F4F1430A}.Release|iPhone.ActiveCfg = Release|Any CPU
		{F15E0F21-E711-4663-8AFA-CDD2F4F1430A}.Release|iPhoneSimulator.ActiveCfg = Release|Any CPU
		{F15E0F21-E711-4663-8AFA-CDD2F4F1430A}.Release|Mixed Platforms.ActiveCfg = Release|Any CPU
		{F15E0F21-E711-4663-8AFA-CDD2F4F1430A}.Release|Mixed Platforms.Build.0 = Release|Any CPU
		{F15E0F21-E711-4663-8AFA-CDD2F4F1430A}.Release|x86.ActiveCfg = Release|Any CPU
		{FF8695D3-639B-482E-B989-376F44255CDA}.Ad-Hoc|Any CPU.ActiveCfg = Release|Any CPU
		{FF8695D3-639B-482E-B989-376F44255CDA}.Ad-Hoc|Any CPU.Build.0 = Release|Any CPU
		{FF8695D3-639B-482E-B989-376F44255CDA}.Ad-Hoc|Any CPU.Deploy.0 = Release|Any CPU
		{FF8695D3-639B-482E-B989-376F44255CDA}.Ad-Hoc|ARM.ActiveCfg = Release|Any CPU
		{FF8695D3-639B-482E-B989-376F44255CDA}.Ad-Hoc|iPhone.ActiveCfg = Release|Any CPU
		{FF8695D3-639B-482E-B989-376F44255CDA}.Ad-Hoc|iPhoneSimulator.ActiveCfg = Release|Any CPU
		{FF8695D3-639B-482E-B989-376F44255CDA}.Ad-Hoc|Mixed Platforms.ActiveCfg = Release|Any CPU
		{FF8695D3-639B-482E-B989-376F44255CDA}.Ad-Hoc|Mixed Platforms.Build.0 = Release|Any CPU
		{FF8695D3-639B-482E-B989-376F44255CDA}.Ad-Hoc|Mixed Platforms.Deploy.0 = Release|Any CPU
		{FF8695D3-639B-482E-B989-376F44255CDA}.Ad-Hoc|x86.ActiveCfg = Release|Any CPU
		{FF8695D3-639B-482E-B989-376F44255CDA}.AppStore|Any CPU.ActiveCfg = Release|Any CPU
		{FF8695D3-639B-482E-B989-376F44255CDA}.AppStore|Any CPU.Build.0 = Release|Any CPU
		{FF8695D3-639B-482E-B989-376F44255CDA}.AppStore|Any CPU.Deploy.0 = Release|Any CPU
		{FF8695D3-639B-482E-B989-376F44255CDA}.AppStore|ARM.ActiveCfg = Release|Any CPU
		{FF8695D3-639B-482E-B989-376F44255CDA}.AppStore|iPhone.ActiveCfg = Release|Any CPU
		{FF8695D3-639B-482E-B989-376F44255CDA}.AppStore|iPhoneSimulator.ActiveCfg = Release|Any CPU
		{FF8695D3-639B-482E-B989-376F44255CDA}.AppStore|Mixed Platforms.ActiveCfg = Release|Any CPU
		{FF8695D3-639B-482E-B989-376F44255CDA}.AppStore|Mixed Platforms.Build.0 = Release|Any CPU
		{FF8695D3-639B-482E-B989-376F44255CDA}.AppStore|Mixed Platforms.Deploy.0 = Release|Any CPU
		{FF8695D3-639B-482E-B989-376F44255CDA}.AppStore|x86.ActiveCfg = Release|Any CPU
		{FF8695D3-639B-482E-B989-376F44255CDA}.Debug|Any CPU.ActiveCfg = Debug|Any CPU
		{FF8695D3-639B-482E-B989-376F44255CDA}.Debug|Any CPU.Build.0 = Debug|Any CPU
		{FF8695D3-639B-482E-B989-376F44255CDA}.Debug|Any CPU.Deploy.0 = Debug|Any CPU
		{FF8695D3-639B-482E-B989-376F44255CDA}.Debug|ARM.ActiveCfg = Debug|Any CPU
		{FF8695D3-639B-482E-B989-376F44255CDA}.Debug|iPhone.ActiveCfg = Debug|Any CPU
		{FF8695D3-639B-482E-B989-376F44255CDA}.Debug|iPhoneSimulator.ActiveCfg = Debug|Any CPU
		{FF8695D3-639B-482E-B989-376F44255CDA}.Debug|Mixed Platforms.ActiveCfg = Debug|Any CPU
		{FF8695D3-639B-482E-B989-376F44255CDA}.Debug|Mixed Platforms.Build.0 = Debug|Any CPU
		{FF8695D3-639B-482E-B989-376F44255CDA}.Debug|Mixed Platforms.Deploy.0 = Debug|Any CPU
		{FF8695D3-639B-482E-B989-376F44255CDA}.Debug|x86.ActiveCfg = Debug|Any CPU
		{FF8695D3-639B-482E-B989-376F44255CDA}.Release|Any CPU.ActiveCfg = Release|Any CPU
		{FF8695D3-639B-482E-B989-376F44255CDA}.Release|Any CPU.Build.0 = Release|Any CPU
		{FF8695D3-639B-482E-B989-376F44255CDA}.Release|Any CPU.Deploy.0 = Release|Any CPU
		{FF8695D3-639B-482E-B989-376F44255CDA}.Release|ARM.ActiveCfg = Release|Any CPU
		{FF8695D3-639B-482E-B989-376F44255CDA}.Release|iPhone.ActiveCfg = Release|Any CPU
		{FF8695D3-639B-482E-B989-376F44255CDA}.Release|iPhoneSimulator.ActiveCfg = Release|Any CPU
		{FF8695D3-639B-482E-B989-376F44255CDA}.Release|Mixed Platforms.ActiveCfg = Release|Any CPU
		{FF8695D3-639B-482E-B989-376F44255CDA}.Release|Mixed Platforms.Build.0 = Release|Any CPU
		{FF8695D3-639B-482E-B989-376F44255CDA}.Release|Mixed Platforms.Deploy.0 = Release|Any CPU
		{FF8695D3-639B-482E-B989-376F44255CDA}.Release|x86.ActiveCfg = Release|Any CPU
		{88B1D8C0-3D3E-4E87-BBFF-7765C19CF73F}.Ad-Hoc|Any CPU.ActiveCfg = Ad-Hoc|iPhone
		{88B1D8C0-3D3E-4E87-BBFF-7765C19CF73F}.Ad-Hoc|ARM.ActiveCfg = Ad-Hoc|iPhone
		{88B1D8C0-3D3E-4E87-BBFF-7765C19CF73F}.Ad-Hoc|iPhone.ActiveCfg = Ad-Hoc|iPhone
		{88B1D8C0-3D3E-4E87-BBFF-7765C19CF73F}.Ad-Hoc|iPhone.Build.0 = Ad-Hoc|iPhone
		{88B1D8C0-3D3E-4E87-BBFF-7765C19CF73F}.Ad-Hoc|iPhoneSimulator.ActiveCfg = Ad-Hoc|iPhoneSimulator
		{88B1D8C0-3D3E-4E87-BBFF-7765C19CF73F}.Ad-Hoc|iPhoneSimulator.Build.0 = Ad-Hoc|iPhoneSimulator
		{88B1D8C0-3D3E-4E87-BBFF-7765C19CF73F}.Ad-Hoc|Mixed Platforms.ActiveCfg = Ad-Hoc|iPhone
		{88B1D8C0-3D3E-4E87-BBFF-7765C19CF73F}.Ad-Hoc|Mixed Platforms.Build.0 = Ad-Hoc|iPhone
		{88B1D8C0-3D3E-4E87-BBFF-7765C19CF73F}.Ad-Hoc|x86.ActiveCfg = Ad-Hoc|iPhone
		{88B1D8C0-3D3E-4E87-BBFF-7765C19CF73F}.AppStore|Any CPU.ActiveCfg = AppStore|iPhone
		{88B1D8C0-3D3E-4E87-BBFF-7765C19CF73F}.AppStore|ARM.ActiveCfg = AppStore|iPhone
		{88B1D8C0-3D3E-4E87-BBFF-7765C19CF73F}.AppStore|iPhone.ActiveCfg = AppStore|iPhone
		{88B1D8C0-3D3E-4E87-BBFF-7765C19CF73F}.AppStore|iPhone.Build.0 = AppStore|iPhone
		{88B1D8C0-3D3E-4E87-BBFF-7765C19CF73F}.AppStore|iPhoneSimulator.ActiveCfg = AppStore|iPhoneSimulator
		{88B1D8C0-3D3E-4E87-BBFF-7765C19CF73F}.AppStore|iPhoneSimulator.Build.0 = AppStore|iPhoneSimulator
		{88B1D8C0-3D3E-4E87-BBFF-7765C19CF73F}.AppStore|Mixed Platforms.ActiveCfg = AppStore|iPhone
		{88B1D8C0-3D3E-4E87-BBFF-7765C19CF73F}.AppStore|Mixed Platforms.Build.0 = AppStore|iPhone
		{88B1D8C0-3D3E-4E87-BBFF-7765C19CF73F}.AppStore|x86.ActiveCfg = AppStore|iPhone
		{88B1D8C0-3D3E-4E87-BBFF-7765C19CF73F}.Debug|Any CPU.ActiveCfg = Debug|iPhone
		{88B1D8C0-3D3E-4E87-BBFF-7765C19CF73F}.Debug|ARM.ActiveCfg = Debug|iPhone
		{88B1D8C0-3D3E-4E87-BBFF-7765C19CF73F}.Debug|iPhone.ActiveCfg = Debug|iPhone
		{88B1D8C0-3D3E-4E87-BBFF-7765C19CF73F}.Debug|iPhone.Build.0 = Debug|iPhone
		{88B1D8C0-3D3E-4E87-BBFF-7765C19CF73F}.Debug|iPhoneSimulator.ActiveCfg = Debug|iPhoneSimulator
		{88B1D8C0-3D3E-4E87-BBFF-7765C19CF73F}.Debug|iPhoneSimulator.Build.0 = Debug|iPhoneSimulator
		{88B1D8C0-3D3E-4E87-BBFF-7765C19CF73F}.Debug|Mixed Platforms.ActiveCfg = Debug|iPhone
		{88B1D8C0-3D3E-4E87-BBFF-7765C19CF73F}.Debug|Mixed Platforms.Build.0 = Debug|iPhone
		{88B1D8C0-3D3E-4E87-BBFF-7765C19CF73F}.Debug|x86.ActiveCfg = Debug|iPhone
		{88B1D8C0-3D3E-4E87-BBFF-7765C19CF73F}.Release|Any CPU.ActiveCfg = Release|iPhone
		{88B1D8C0-3D3E-4E87-BBFF-7765C19CF73F}.Release|ARM.ActiveCfg = Release|iPhone
		{88B1D8C0-3D3E-4E87-BBFF-7765C19CF73F}.Release|iPhone.ActiveCfg = Release|iPhone
		{88B1D8C0-3D3E-4E87-BBFF-7765C19CF73F}.Release|iPhone.Build.0 = Release|iPhone
		{88B1D8C0-3D3E-4E87-BBFF-7765C19CF73F}.Release|iPhoneSimulator.ActiveCfg = Release|iPhoneSimulator
		{88B1D8C0-3D3E-4E87-BBFF-7765C19CF73F}.Release|iPhoneSimulator.Build.0 = Release|iPhoneSimulator
		{88B1D8C0-3D3E-4E87-BBFF-7765C19CF73F}.Release|Mixed Platforms.ActiveCfg = Release|iPhone
		{88B1D8C0-3D3E-4E87-BBFF-7765C19CF73F}.Release|Mixed Platforms.Build.0 = Release|iPhone
		{88B1D8C0-3D3E-4E87-BBFF-7765C19CF73F}.Release|x86.ActiveCfg = Release|iPhone
	EndGlobalSection
	GlobalSection(SolutionProperties) = preSolution
		HideSolutionNode = FALSE
	EndGlobalSection
	GlobalSection(NestedProjects) = preSolution
		{45C82F98-4D0F-410A-81E2-14DAB7CB7A21} = {3395FE3D-1C7F-4ABD-8ED6-4818D2844ED3}
		{224C3184-5BE6-4CE3-B437-DFCD6B01F217} = {3395FE3D-1C7F-4ABD-8ED6-4818D2844ED3}
		{07913557-E20B-4BD8-9790-157757B2A5BB} = {3395FE3D-1C7F-4ABD-8ED6-4818D2844ED3}
		{8247EA89-8A36-4519-AE96-F01C0D518CC1} = {3395FE3D-1C7F-4ABD-8ED6-4818D2844ED3}
		{67F9D3A8-F71E-4428-913F-C37AE82CDB24} = {3395FE3D-1C7F-4ABD-8ED6-4818D2844ED3}
		{D44B6F6B-E72B-4FCC-9806-677FA3A0C115} = {3395FE3D-1C7F-4ABD-8ED6-4818D2844ED3}
		{7E5F8327-6D08-422C-99DE-459B4CD22B4E} = {3395FE3D-1C7F-4ABD-8ED6-4818D2844ED3}
		{D811621C-0479-4C65-87B3-294CB5640591} = {3395FE3D-1C7F-4ABD-8ED6-4818D2844ED3}
		{026C97EE-4637-4301-9F87-4F085E98674E} = {3395FE3D-1C7F-4ABD-8ED6-4818D2844ED3}
		{328A82BE-8B67-4BCA-974A-2B34FDBAA998} = {3395FE3D-1C7F-4ABD-8ED6-4818D2844ED3}
		{24A38C38-4A3B-4E0F-AD00-05740ED1E504} = {3395FE3D-1C7F-4ABD-8ED6-4818D2844ED3}
		{B023BAFB-1706-4A69-A1CF-85344914B625} = {3395FE3D-1C7F-4ABD-8ED6-4818D2844ED3}
		{9E2E273E-752D-4DBC-9813-A4E8FEBF8F35} = {3395FE3D-1C7F-4ABD-8ED6-4818D2844ED3}
		{F15E0F21-E711-4663-8AFA-CDD2F4F1430A} = {EEA43414-1420-4A12-81F4-6E1961CE3BDA}
		{FF8695D3-639B-482E-B989-376F44255CDA} = {EEA43414-1420-4A12-81F4-6E1961CE3BDA}
		{88B1D8C0-3D3E-4E87-BBFF-7765C19CF73F} = {EEA43414-1420-4A12-81F4-6E1961CE3BDA}
	EndGlobalSection
EndGlobal
